
Microsoft Visual Studio Solution File, Format Version 12.00
# Visual Studio Version 17
VisualStudioVersion = 17.2.32630.192
MinimumVisualStudioVersion = 10.0.40219.1
Project("{FAE04EC0-301F-11D3-BF4B-00C04F79EFBC}") = "DI_WebApplication", "DI_WebApplication\DI_WebApplication.csproj", "{D0F7FFCB-0DC6-45EA-BC5D-C3CF70B1CF8F}"
EndProject
Global
	GlobalSection(SolutionConfigurationPlatforms) = preSolution
		Debug|Any CPU = Debug|Any CPU
		Release|Any CPU = Release|Any CPU
	EndGlobalSection
	GlobalSection(ProjectConfigurationPlatforms) = postSolution
		{D0F7FFCB-0DC6-45EA-BC5D-C3CF70B1CF8F}.Debug|Any CPU.ActiveCfg = Debug|Any CPU
		{D0F7FFCB-0DC6-45EA-BC5D-C3CF70B1CF8F}.Debug|Any CPU.Build.0 = Debug|Any CPU
		{D0F7FFCB-0DC6-45EA-BC5D-C3CF70B1CF8F}.Release|Any CPU.ActiveCfg = Release|Any CPU
		{D0F7FFCB-0DC6-45EA-BC5D-C3CF70B1CF8F}.Release|Any CPU.Build.0 = Release|Any CPU
	EndGlobalSection
	GlobalSection(SolutionProperties) = preSolution
		HideSolutionNode = FALSE
	EndGlobalSection
	GlobalSection(ExtensibilityGlobals) = postSolution
		SolutionGuid = {62CEA204-A11A-4649-A84C-E697F9AB0583}
	EndGlobalSection
EndGlobal
