
Microsoft Visual Studio Solution File, Format Version 12.00
# Visual Studio Version 17
VisualStudioVersion = 17.2.32630.192
MinimumVisualStudioVersion = 10.0.40219.1
Project("{FAE04EC0-301F-11D3-BF4B-00C04F79EFBC}") = "ConsoleApp1", "ConsoleApp1\ConsoleApp1.csproj", "{583E7ECE-E535-48EF-BA4C-4E2FA9614DAB}"
EndProject
Global
	GlobalSection(SolutionConfigurationPlatforms) = preSolution
		Debug|Any CPU = Debug|Any CPU
		Release|Any CPU = Release|Any CPU
	EndGlobalSection
	GlobalSection(ProjectConfigurationPlatforms) = postSolution
		{583E7ECE-E535-48EF-BA4C-4E2FA9614DAB}.Debug|Any CPU.ActiveCfg = Debug|Any CPU
		{583E7ECE-E535-48EF-BA4C-4E2FA9614DAB}.Debug|Any CPU.Build.0 = Debug|Any CPU
		{583E7ECE-E535-48EF-BA4C-4E2FA9614DAB}.Release|Any CPU.ActiveCfg = Release|Any CPU
		{583E7ECE-E535-48EF-BA4C-4E2FA9614DAB}.Release|Any CPU.Build.0 = Release|Any CPU
	EndGlobalSection
	GlobalSection(SolutionProperties) = preSolution
		HideSolutionNode = FALSE
	EndGlobalSection
	GlobalSection(ExtensibilityGlobals) = postSolution
		SolutionGuid = {4140C22D-D9D8-4801-B585-CB8CC047B7B0}
	EndGlobalSection
EndGlobal
