
Microsoft Visual Studio Solution File, Format Version 12.00
# Visual Studio Version 17
VisualStudioVersion = 17.2.32630.192
MinimumVisualStudioVersion = 10.0.40219.1
Project("{FAE04EC0-301F-11D3-BF4B-00C04F79EFBC}") = "LogDemoApplication", "WebApplication3\LogDemoApplication.csproj", "{980B0FB9-A143-4797-B5AF-11BA5BF869FD}"
EndProject
Global
	GlobalSection(SolutionConfigurationPlatforms) = preSolution
		Debug|Any CPU = Debug|Any CPU
		Release|Any CPU = Release|Any CPU
	EndGlobalSection
	GlobalSection(ProjectConfigurationPlatforms) = postSolution
		{980B0FB9-A143-4797-B5AF-11BA5BF869FD}.Debug|Any CPU.ActiveCfg = Debug|Any CPU
		{980B0FB9-A143-4797-B5AF-11BA5BF869FD}.Debug|Any CPU.Build.0 = Debug|Any CPU
		{980B0FB9-A143-4797-B5AF-11BA5BF869FD}.Release|Any CPU.ActiveCfg = Release|Any CPU
		{980B0FB9-A143-4797-B5AF-11BA5BF869FD}.Release|Any CPU.Build.0 = Release|Any CPU
	EndGlobalSection
	GlobalSection(SolutionProperties) = preSolution
		HideSolutionNode = FALSE
	EndGlobalSection
	GlobalSection(ExtensibilityGlobals) = postSolution
		SolutionGuid = {B0002004-7956-4A5D-8CDE-8271DC36FCB5}
	EndGlobalSection
EndGlobal
