
Microsoft Visual Studio Solution File, Format Version 12.00
# Visual Studio Version 17
VisualStudioVersion = 17.2.32630.192
MinimumVisualStudioVersion = 10.0.40219.1
Project("{FAE04EC0-301F-11D3-BF4B-00C04F79EFBC}") = "Library_WebAPI", "Library_WebAPI\Library_WebAPI.csproj", "{0BD6606F-CFDB-4A69-8223-144785D4164C}"
EndProject
Project("{FAE04EC0-301F-11D3-BF4B-00C04F79EFBC}") = "Library_WebAPI.Tests", "Library_WebAPI.Tests\Library_WebAPI.Tests.csproj", "{8A3F9B1B-CB39-441C-8D12-3CAB667EC654}"
EndProject
Global
	GlobalSection(SolutionConfigurationPlatforms) = preSolution
		Debug|Any CPU = Debug|Any CPU
		Release|Any CPU = Release|Any CPU
	EndGlobalSection
	GlobalSection(ProjectConfigurationPlatforms) = postSolution
		{0BD6606F-CFDB-4A69-8223-144785D4164C}.Debug|Any CPU.ActiveCfg = Debug|Any CPU
		{0BD6606F-CFDB-4A69-8223-144785D4164C}.Debug|Any CPU.Build.0 = Debug|Any CPU
		{0BD6606F-CFDB-4A69-8223-144785D4164C}.Release|Any CPU.ActiveCfg = Release|Any CPU
		{0BD6606F-CFDB-4A69-8223-144785D4164C}.Release|Any CPU.Build.0 = Release|Any CPU
		{8A3F9B1B-CB39-441C-8D12-3CAB667EC654}.Debug|Any CPU.ActiveCfg = Debug|Any CPU
		{8A3F9B1B-CB39-441C-8D12-3CAB667EC654}.Debug|Any CPU.Build.0 = Debug|Any CPU
		{8A3F9B1B-CB39-441C-8D12-3CAB667EC654}.Release|Any CPU.ActiveCfg = Release|Any CPU
		{8A3F9B1B-CB39-441C-8D12-3CAB667EC654}.Release|Any CPU.Build.0 = Release|Any CPU
	EndGlobalSection
	GlobalSection(SolutionProperties) = preSolution
		HideSolutionNode = FALSE
	EndGlobalSection
	GlobalSection(ExtensibilityGlobals) = postSolution
		SolutionGuid = {EB609AC0-804E-49BD-885B-F566AFB5A439}
	EndGlobalSection
EndGlobal
